
Microsoft Visual Studio Solution File, Format Version 12.00
# Visual Studio Version 16
VisualStudioVersion = 16.0.29926.136
MinimumVisualStudioVersion = 10.0.40219.1
Project("{FAE04EC0-301F-11D3-BF4B-00C04F79EFBC}") = "BrigandoEAnimando", "BrigandoEAnimando\BrigandoEAnimando.csproj", "{632C3F26-76F4-4CB3-A99E-2C73C00D3F25}"
EndProject
Global
	GlobalSection(SolutionConfigurationPlatforms) = preSolution
		Debug|Any CPU = Debug|Any CPU
		Release|Any CPU = Release|Any CPU
	EndGlobalSection
	GlobalSection(ProjectConfigurationPlatforms) = postSolution
		{632C3F26-76F4-4CB3-A99E-2C73C00D3F25}.Debug|Any CPU.ActiveCfg = Debug|Any CPU
		{632C3F26-76F4-4CB3-A99E-2C73C00D3F25}.Debug|Any CPU.Build.0 = Debug|Any CPU
		{632C3F26-76F4-4CB3-A99E-2C73C00D3F25}.Release|Any CPU.ActiveCfg = Release|Any CPU
		{632C3F26-76F4-4CB3-A99E-2C73C00D3F25}.Release|Any CPU.Build.0 = Release|Any CPU
	EndGlobalSection
	GlobalSection(SolutionProperties) = preSolution
		HideSolutionNode = FALSE
	EndGlobalSection
	GlobalSection(ExtensibilityGlobals) = postSolution
		SolutionGuid = {5FD270AA-C27B-42C8-836E-C4545A7F22BC}
	EndGlobalSection
EndGlobal
